
Microsoft Visual Studio Solution File, Format Version 12.00
# Visual Studio Version 16
VisualStudioVersion = 16.0.30330.147
MinimumVisualStudioVersion = 10.0.40219.1
Project("{FAE04EC0-301F-11D3-BF4B-00C04F79EFBC}") = "ANZ_WholesaleEng", "ANZ_WholesaleEng\ANZ_WholesaleEng.csproj", "{747A1901-D140-401B-9D1D-7C5556293995}"
EndProject
Global
	GlobalSection(SolutionConfigurationPlatforms) = preSolution
		Debug|Any CPU = Debug|Any CPU
		Release|Any CPU = Release|Any CPU
	EndGlobalSection
	GlobalSection(ProjectConfigurationPlatforms) = postSolution
		{747A1901-D140-401B-9D1D-7C5556293995}.Debug|Any CPU.ActiveCfg = Debug|Any CPU
		{747A1901-D140-401B-9D1D-7C5556293995}.Debug|Any CPU.Build.0 = Debug|Any CPU
		{747A1901-D140-401B-9D1D-7C5556293995}.Release|Any CPU.ActiveCfg = Release|Any CPU
		{747A1901-D140-401B-9D1D-7C5556293995}.Release|Any CPU.Build.0 = Release|Any CPU
	EndGlobalSection
	GlobalSection(SolutionProperties) = preSolution
		HideSolutionNode = FALSE
	EndGlobalSection
	GlobalSection(ExtensibilityGlobals) = postSolution
		SolutionGuid = {8EFB2C3E-21B0-40F3-8E6F-E70AE86698D6}
	EndGlobalSection
EndGlobal
